
Microsoft Visual Studio Solution File, Format Version 12.00
# Visual Studio 15
VisualStudioVersion = 15.0.27703.2026
MinimumVisualStudioVersion = 10.0.40219.1
Project("{FAE04EC0-301F-11D3-BF4B-00C04F79EFBC}") = "MyShop.Core", "MyShop.Core\MyShop.Core.csproj", "{BF130EF9-1197-4A10-BA0D-56DBB460FC9F}"
EndProject
Project("{FAE04EC0-301F-11D3-BF4B-00C04F79EFBC}") = "MyShop.Services", "MyShop.Services\MyShop.Services.csproj", "{AFF8E5E2-568D-46D0-9CA8-C09F78C08DC6}"
EndProject
Project("{FAE04EC0-301F-11D3-BF4B-00C04F79EFBC}") = "MyShop.DataAccess.SQL", "MyShop.DataAccess.SQL\MyShop.DataAccess.SQL.csproj", "{D085B461-1BD9-409B-9DA0-4B59B5163F4A}"
EndProject
Project("{FAE04EC0-301F-11D3-BF4B-00C04F79EFBC}") = "MyShop.DataAccess.InMemory", "MyShop.DataAccess.InMemory\MyShop.DataAccess.InMemory.csproj", "{A53D9AD4-3D80-4D99-AA5A-9E1B725A2DE9}"
EndProject
Project("{FAE04EC0-301F-11D3-BF4B-00C04F79EFBC}") = "MyShop.WebUI", "MyShop.WebUI\MyShop.WebUI.csproj", "{9D38A5F2-569F-47D3-8257-B31E57D25B4F}"
EndProject
Project("{FAE04EC0-301F-11D3-BF4B-00C04F79EFBC}") = "MyShop.WebUI.Tests", "MyShop.WebUI.Tests\MyShop.WebUI.Tests.csproj", "{C08AB08E-B30A-4CDD-8151-F53C31F232BC}"
EndProject
Global
	GlobalSection(SolutionConfigurationPlatforms) = preSolution
		Debug|Any CPU = Debug|Any CPU
		Release|Any CPU = Release|Any CPU
	EndGlobalSection
	GlobalSection(ProjectConfigurationPlatforms) = postSolution
		{BF130EF9-1197-4A10-BA0D-56DBB460FC9F}.Debug|Any CPU.ActiveCfg = Debug|Any CPU
		{BF130EF9-1197-4A10-BA0D-56DBB460FC9F}.Debug|Any CPU.Build.0 = Debug|Any CPU
		{BF130EF9-1197-4A10-BA0D-56DBB460FC9F}.Release|Any CPU.ActiveCfg = Release|Any CPU
		{BF130EF9-1197-4A10-BA0D-56DBB460FC9F}.Release|Any CPU.Build.0 = Release|Any CPU
		{AFF8E5E2-568D-46D0-9CA8-C09F78C08DC6}.Debug|Any CPU.ActiveCfg = Debug|Any CPU
		{AFF8E5E2-568D-46D0-9CA8-C09F78C08DC6}.Debug|Any CPU.Build.0 = Debug|Any CPU
		{AFF8E5E2-568D-46D0-9CA8-C09F78C08DC6}.Release|Any CPU.ActiveCfg = Release|Any CPU
		{AFF8E5E2-568D-46D0-9CA8-C09F78C08DC6}.Release|Any CPU.Build.0 = Release|Any CPU
		{D085B461-1BD9-409B-9DA0-4B59B5163F4A}.Debug|Any CPU.ActiveCfg = Debug|Any CPU
		{D085B461-1BD9-409B-9DA0-4B59B5163F4A}.Debug|Any CPU.Build.0 = Debug|Any CPU
		{D085B461-1BD9-409B-9DA0-4B59B5163F4A}.Release|Any CPU.ActiveCfg = Release|Any CPU
		{D085B461-1BD9-409B-9DA0-4B59B5163F4A}.Release|Any CPU.Build.0 = Release|Any CPU
		{A53D9AD4-3D80-4D99-AA5A-9E1B725A2DE9}.Debug|Any CPU.ActiveCfg = Debug|Any CPU
		{A53D9AD4-3D80-4D99-AA5A-9E1B725A2DE9}.Debug|Any CPU.Build.0 = Debug|Any CPU
		{A53D9AD4-3D80-4D99-AA5A-9E1B725A2DE9}.Release|Any CPU.ActiveCfg = Release|Any CPU
		{A53D9AD4-3D80-4D99-AA5A-9E1B725A2DE9}.Release|Any CPU.Build.0 = Release|Any CPU
		{9D38A5F2-569F-47D3-8257-B31E57D25B4F}.Debug|Any CPU.ActiveCfg = Debug|Any CPU
		{9D38A5F2-569F-47D3-8257-B31E57D25B4F}.Debug|Any CPU.Build.0 = Debug|Any CPU
		{9D38A5F2-569F-47D3-8257-B31E57D25B4F}.Release|Any CPU.ActiveCfg = Release|Any CPU
		{9D38A5F2-569F-47D3-8257-B31E57D25B4F}.Release|Any CPU.Build.0 = Release|Any CPU
		{C08AB08E-B30A-4CDD-8151-F53C31F232BC}.Debug|Any CPU.ActiveCfg = Debug|Any CPU
		{C08AB08E-B30A-4CDD-8151-F53C31F232BC}.Debug|Any CPU.Build.0 = Debug|Any CPU
		{C08AB08E-B30A-4CDD-8151-F53C31F232BC}.Release|Any CPU.ActiveCfg = Release|Any CPU
		{C08AB08E-B30A-4CDD-8151-F53C31F232BC}.Release|Any CPU.Build.0 = Release|Any CPU
	EndGlobalSection
	GlobalSection(SolutionProperties) = preSolution
		HideSolutionNode = FALSE
	EndGlobalSection
	GlobalSection(ExtensibilityGlobals) = postSolution
		SolutionGuid = {33BB56D9-BDBF-4CEA-9481-DD5DC98CF9FD}
	EndGlobalSection
EndGlobal
